
Microsoft Visual Studio Solution File, Format Version 12.00
# Visual Studio Version 16
VisualStudioVersion = 16.0.29306.81
MinimumVisualStudioVersion = 10.0.40219.1
Project("{FAE04EC0-301F-11D3-BF4B-00C04F79EFBC}") = "klaseiobjekti1SinozicSebastian", "klaseiobjekti1SinozicSebastian\klaseiobjekti1SinozicSebastian.csproj", "{AD55CB04-AC95-48ED-80D7-CD76CC22411C}"
EndProject
Global
	GlobalSection(SolutionConfigurationPlatforms) = preSolution
		Debug|Any CPU = Debug|Any CPU
		Release|Any CPU = Release|Any CPU
	EndGlobalSection
	GlobalSection(ProjectConfigurationPlatforms) = postSolution
		{AD55CB04-AC95-48ED-80D7-CD76CC22411C}.Debug|Any CPU.ActiveCfg = Debug|Any CPU
		{AD55CB04-AC95-48ED-80D7-CD76CC22411C}.Debug|Any CPU.Build.0 = Debug|Any CPU
		{AD55CB04-AC95-48ED-80D7-CD76CC22411C}.Release|Any CPU.ActiveCfg = Release|Any CPU
		{AD55CB04-AC95-48ED-80D7-CD76CC22411C}.Release|Any CPU.Build.0 = Release|Any CPU
	EndGlobalSection
	GlobalSection(SolutionProperties) = preSolution
		HideSolutionNode = FALSE
	EndGlobalSection
	GlobalSection(ExtensibilityGlobals) = postSolution
		SolutionGuid = {EEC0C18F-5FB8-432F-9622-A7790ED2633C}
	EndGlobalSection
EndGlobal
